
Microsoft Visual Studio Solution File, Format Version 12.00
# Visual Studio 15
VisualStudioVersion = 15.0.28307.852
MinimumVisualStudioVersion = 10.0.40219.1
Project("{FAE04EC0-301F-11D3-BF4B-00C04F79EFBC}") = "Example", "Example\Example.csproj", "{208D7B89-46E1-479D-BFC7-ECCA4C12AFE2}"
EndProject
Project("{FAE04EC0-301F-11D3-BF4B-00C04F79EFBC}") = "SignalTime", "ConsoleApp1\SignalTime.csproj", "{A8F4B719-4576-4DCC-9F57-DCAF07091D4B}"
EndProject
Project("{FAE04EC0-301F-11D3-BF4B-00C04F79EFBC}") = "DateList", "DateList\DateList.csproj", "{416800AB-0FBB-4D17-A49D-4BACA30C415A}"
EndProject
Global
	GlobalSection(SolutionConfigurationPlatforms) = preSolution
		Debug|Any CPU = Debug|Any CPU
		Release|Any CPU = Release|Any CPU
	EndGlobalSection
	GlobalSection(ProjectConfigurationPlatforms) = postSolution
		{208D7B89-46E1-479D-BFC7-ECCA4C12AFE2}.Debug|Any CPU.ActiveCfg = Debug|Any CPU
		{208D7B89-46E1-479D-BFC7-ECCA4C12AFE2}.Debug|Any CPU.Build.0 = Debug|Any CPU
		{208D7B89-46E1-479D-BFC7-ECCA4C12AFE2}.Release|Any CPU.ActiveCfg = Release|Any CPU
		{208D7B89-46E1-479D-BFC7-ECCA4C12AFE2}.Release|Any CPU.Build.0 = Release|Any CPU
		{A8F4B719-4576-4DCC-9F57-DCAF07091D4B}.Debug|Any CPU.ActiveCfg = Debug|Any CPU
		{A8F4B719-4576-4DCC-9F57-DCAF07091D4B}.Debug|Any CPU.Build.0 = Debug|Any CPU
		{A8F4B719-4576-4DCC-9F57-DCAF07091D4B}.Release|Any CPU.ActiveCfg = Release|Any CPU
		{A8F4B719-4576-4DCC-9F57-DCAF07091D4B}.Release|Any CPU.Build.0 = Release|Any CPU
		{416800AB-0FBB-4D17-A49D-4BACA30C415A}.Debug|Any CPU.ActiveCfg = Debug|Any CPU
		{416800AB-0FBB-4D17-A49D-4BACA30C415A}.Debug|Any CPU.Build.0 = Debug|Any CPU
		{416800AB-0FBB-4D17-A49D-4BACA30C415A}.Release|Any CPU.ActiveCfg = Release|Any CPU
		{416800AB-0FBB-4D17-A49D-4BACA30C415A}.Release|Any CPU.Build.0 = Release|Any CPU
	EndGlobalSection
	GlobalSection(SolutionProperties) = preSolution
		HideSolutionNode = FALSE
	EndGlobalSection
	GlobalSection(ExtensibilityGlobals) = postSolution
		SolutionGuid = {EE66BE03-0FE0-486A-A600-DBD4E95E8A10}
	EndGlobalSection
EndGlobal
