
Microsoft Visual Studio Solution File, Format Version 12.00
# Visual Studio 15
VisualStudioVersion = 15.0.28307.852
MinimumVisualStudioVersion = 10.0.40219.1
Project("{FAE04EC0-301F-11D3-BF4B-00C04F79EFBC}") = "Exercise 1", "Exercise 1\Exercise 1.csproj", "{8CEFC7F2-F237-4C2B-BB8A-92858452CF0A}"
EndProject
Global
	GlobalSection(SolutionConfigurationPlatforms) = preSolution
		Debug|Any CPU = Debug|Any CPU
		Release|Any CPU = Release|Any CPU
	EndGlobalSection
	GlobalSection(ProjectConfigurationPlatforms) = postSolution
		{8CEFC7F2-F237-4C2B-BB8A-92858452CF0A}.Debug|Any CPU.ActiveCfg = Debug|Any CPU
		{8CEFC7F2-F237-4C2B-BB8A-92858452CF0A}.Debug|Any CPU.Build.0 = Debug|Any CPU
		{8CEFC7F2-F237-4C2B-BB8A-92858452CF0A}.Release|Any CPU.ActiveCfg = Release|Any CPU
		{8CEFC7F2-F237-4C2B-BB8A-92858452CF0A}.Release|Any CPU.Build.0 = Release|Any CPU
	EndGlobalSection
	GlobalSection(SolutionProperties) = preSolution
		HideSolutionNode = FALSE
	EndGlobalSection
	GlobalSection(ExtensibilityGlobals) = postSolution
		SolutionGuid = {6C2F1435-1081-44BA-8B4D-082C8D58A469}
	EndGlobalSection
EndGlobal
